
Microsoft Visual Studio Solution File, Format Version 12.00
# Visual Studio Version 16
VisualStudioVersion = 16.0.810.6
MinimumVisualStudioVersion = 10.0.40219.1
Project("{FAE04EC0-301F-11D3-BF4B-00C04F79EFBC}") = "CSharpFundamentals", "CSharpFundamentals\CSharpFundamentals.csproj", "{B540CE9B-B6EB-4CEB-9941-10938F1D7C8A}"
EndProject
Global
	GlobalSection(SolutionConfigurationPlatforms) = preSolution
		Debug|Any CPU = Debug|Any CPU
		Release|Any CPU = Release|Any CPU
	EndGlobalSection
	GlobalSection(ProjectConfigurationPlatforms) = postSolution
		{B540CE9B-B6EB-4CEB-9941-10938F1D7C8A}.Debug|Any CPU.ActiveCfg = Debug|Any CPU
		{B540CE9B-B6EB-4CEB-9941-10938F1D7C8A}.Debug|Any CPU.Build.0 = Debug|Any CPU
		{B540CE9B-B6EB-4CEB-9941-10938F1D7C8A}.Release|Any CPU.ActiveCfg = Release|Any CPU
		{B540CE9B-B6EB-4CEB-9941-10938F1D7C8A}.Release|Any CPU.Build.0 = Release|Any CPU
	EndGlobalSection
	GlobalSection(SolutionProperties) = preSolution
		HideSolutionNode = FALSE
	EndGlobalSection
	GlobalSection(ExtensibilityGlobals) = postSolution
		SolutionGuid = {59CFDD2C-08BC-475D-921B-19BDD67E68B3}
	EndGlobalSection
EndGlobal
