
Microsoft Visual Studio Solution File, Format Version 12.00
# Visual Studio Version 16
VisualStudioVersion = 16.0.810.6
MinimumVisualStudioVersion = 10.0.40219.1
Project("{FAE04EC0-301F-11D3-BF4B-00C04F79EFBC}") = "TimeAndDate", "TimeAndDate\TimeAndDate.csproj", "{B91F164B-A84F-44C0-9980-0FA3B8B2484B}"
EndProject
Global
	GlobalSection(SolutionConfigurationPlatforms) = preSolution
		Debug|Any CPU = Debug|Any CPU
		Release|Any CPU = Release|Any CPU
	EndGlobalSection
	GlobalSection(ProjectConfigurationPlatforms) = postSolution
		{B91F164B-A84F-44C0-9980-0FA3B8B2484B}.Debug|Any CPU.ActiveCfg = Debug|Any CPU
		{B91F164B-A84F-44C0-9980-0FA3B8B2484B}.Debug|Any CPU.Build.0 = Debug|Any CPU
		{B91F164B-A84F-44C0-9980-0FA3B8B2484B}.Release|Any CPU.ActiveCfg = Release|Any CPU
		{B91F164B-A84F-44C0-9980-0FA3B8B2484B}.Release|Any CPU.Build.0 = Release|Any CPU
	EndGlobalSection
	GlobalSection(SolutionProperties) = preSolution
		HideSolutionNode = FALSE
	EndGlobalSection
	GlobalSection(ExtensibilityGlobals) = postSolution
		SolutionGuid = {36347538-AF38-459B-B98C-708823638C22}
	EndGlobalSection
EndGlobal
