
Microsoft Visual Studio Solution File, Format Version 12.00
# Visual Studio Version 16
VisualStudioVersion = 16.0.810.6
MinimumVisualStudioVersion = 10.0.40219.1
Project("{FAE04EC0-301F-11D3-BF4B-00C04F79EFBC}") = "Builder", "Builder\Builder.csproj", "{AE8C9EB4-287D-4DA4-80F7-AE01EE7B69A0}"
EndProject
Global
	GlobalSection(SolutionConfigurationPlatforms) = preSolution
		Debug|Any CPU = Debug|Any CPU
		Release|Any CPU = Release|Any CPU
	EndGlobalSection
	GlobalSection(ProjectConfigurationPlatforms) = postSolution
		{AE8C9EB4-287D-4DA4-80F7-AE01EE7B69A0}.Debug|Any CPU.ActiveCfg = Debug|Any CPU
		{AE8C9EB4-287D-4DA4-80F7-AE01EE7B69A0}.Debug|Any CPU.Build.0 = Debug|Any CPU
		{AE8C9EB4-287D-4DA4-80F7-AE01EE7B69A0}.Release|Any CPU.ActiveCfg = Release|Any CPU
		{AE8C9EB4-287D-4DA4-80F7-AE01EE7B69A0}.Release|Any CPU.Build.0 = Release|Any CPU
	EndGlobalSection
	GlobalSection(SolutionProperties) = preSolution
		HideSolutionNode = FALSE
	EndGlobalSection
	GlobalSection(ExtensibilityGlobals) = postSolution
		SolutionGuid = {541D79B2-4E16-4519-B008-2F6A6F1DB94A}
	EndGlobalSection
EndGlobal
