
Microsoft Visual Studio Solution File, Format Version 12.00
# Visual Studio Version 16
VisualStudioVersion = 16.0.810.6
MinimumVisualStudioVersion = 10.0.40219.1
Project("{FAE04EC0-301F-11D3-BF4B-00C04F79EFBC}") = "WorkingWithText", "WorkingWithText\WorkingWithText.csproj", "{EBC85BFB-CED1-4E1D-8D44-D21F23ECBA8B}"
EndProject
Global
	GlobalSection(SolutionConfigurationPlatforms) = preSolution
		Debug|Any CPU = Debug|Any CPU
		Release|Any CPU = Release|Any CPU
	EndGlobalSection
	GlobalSection(ProjectConfigurationPlatforms) = postSolution
		{EBC85BFB-CED1-4E1D-8D44-D21F23ECBA8B}.Debug|Any CPU.ActiveCfg = Debug|Any CPU
		{EBC85BFB-CED1-4E1D-8D44-D21F23ECBA8B}.Debug|Any CPU.Build.0 = Debug|Any CPU
		{EBC85BFB-CED1-4E1D-8D44-D21F23ECBA8B}.Release|Any CPU.ActiveCfg = Release|Any CPU
		{EBC85BFB-CED1-4E1D-8D44-D21F23ECBA8B}.Release|Any CPU.Build.0 = Release|Any CPU
	EndGlobalSection
	GlobalSection(SolutionProperties) = preSolution
		HideSolutionNode = FALSE
	EndGlobalSection
	GlobalSection(ExtensibilityGlobals) = postSolution
		SolutionGuid = {26B3301C-D793-4DD0-B703-811A2B4D61CD}
	EndGlobalSection
EndGlobal
